
Microsoft Visual Studio Solution File, Format Version 12.00
# Visual Studio Version 17
VisualStudioVersion = 17.5.33530.505
MinimumVisualStudioVersion = 10.0.40219.1
Project("{FAE04EC0-301F-11D3-BF4B-00C04F79EFBC}") = "VentaProducto", "VentaProducto\VentaProducto.csproj", "{8E9B5C32-9690-4233-8E7F-8C3EC694E77E}"
EndProject
Global
	GlobalSection(SolutionConfigurationPlatforms) = preSolution
		Debug|Any CPU = Debug|Any CPU
		Release|Any CPU = Release|Any CPU
	EndGlobalSection
	GlobalSection(ProjectConfigurationPlatforms) = postSolution
		{8E9B5C32-9690-4233-8E7F-8C3EC694E77E}.Debug|Any CPU.ActiveCfg = Debug|Any CPU
		{8E9B5C32-9690-4233-8E7F-8C3EC694E77E}.Debug|Any CPU.Build.0 = Debug|Any CPU
		{8E9B5C32-9690-4233-8E7F-8C3EC694E77E}.Release|Any CPU.ActiveCfg = Release|Any CPU
		{8E9B5C32-9690-4233-8E7F-8C3EC694E77E}.Release|Any CPU.Build.0 = Release|Any CPU
	EndGlobalSection
	GlobalSection(SolutionProperties) = preSolution
		HideSolutionNode = FALSE
	EndGlobalSection
	GlobalSection(ExtensibilityGlobals) = postSolution
		SolutionGuid = {231140F6-C9D6-4A7A-A43C-A4BAD23790F4}
	EndGlobalSection
EndGlobal
